
Microsoft Visual Studio Solution File, Format Version 12.00
# Visual Studio Version 16
VisualStudioVersion = 16.0.30320.27
MinimumVisualStudioVersion = 10.0.40219.1
Project("{FAE04EC0-301F-11D3-BF4B-00C04F79EFBC}") = "SAM.Core.Solver", "SAM_Solver\SAM.Core.Solver\SAM.Core.Solver.csproj", "{DFA00AD8-8169-4E3C-943A-05F6F2196E3A}"
EndProject
Project("{FAE04EC0-301F-11D3-BF4B-00C04F79EFBC}") = "SAM.Core.Grasshopper.Solver", "Grasshopper\SAM.Core.Grasshopper.Solver\SAM.Core.Grasshopper.Solver.csproj", "{CBEB4724-6EF0-48D3-B634-384FE2300D6C}"
EndProject
Project("{2150E333-8FDC-42A3-9474-1A3956D46DE8}") = "SAM_Solver", "SAM_Solver", "{C3CC5B7B-5B8A-4B84-B223-29D0EE793782}"
EndProject
Project("{2150E333-8FDC-42A3-9474-1A3956D46DE8}") = "Grasshopper", "Grasshopper", "{02213037-8D9C-4CB0-B56C-9F42752EF88C}"
EndProject
Project("{FAE04EC0-301F-11D3-BF4B-00C04F79EFBC}") = "SAM.Analytical.Grasshopper.Solver", "Grasshopper\SAM.Analytical.Grasshopper.Solver\SAM.Analytical.Grasshopper.Solver.csproj", "{FDBEC246-857F-40DC-B03F-2FA68BA7D437}"
EndProject
Project("{FAE04EC0-301F-11D3-BF4B-00C04F79EFBC}") = "SAM.Analytical.Solver", "SAM_Solver\SAM.Analytical.Solver\SAM.Analytical.Solver.csproj", "{888539D6-CFE2-413D-BCEE-F2DAA1AA8726}"
EndProject
Project("{FAE04EC0-301F-11D3-BF4B-00C04F79EFBC}") = "SAM.Geometry.Solver", "SAM_Solver\SAM.Geometry.Solver\SAM.Geometry.Solver.csproj", "{5C870A26-7017-472B-9E68-FDD828367DF4}"
EndProject
Project("{FAE04EC0-301F-11D3-BF4B-00C04F79EFBC}") = "SAM.Geometry.Grasshopper.Solver", "Grasshopper\SAM.Geometry.Grasshopper.Solver\SAM.Geometry.Grasshopper.Solver.csproj", "{5A281F11-6356-4DA7-928C-0EA8E524B99A}"
EndProject
Project("{2150E333-8FDC-42A3-9474-1A3956D46DE8}") = "Rhino", "Rhino", "{68D50D6A-680B-41E9-B822-73406F932F40}"
EndProject
Project("{FAE04EC0-301F-11D3-BF4B-00C04F79EFBC}") = "SAM.Analytical.Rhino.Solver", "Rhino\SAM.Analytical.Rhino.Solver\SAM.Analytical.Rhino.Solver.csproj", "{08D24128-7D9B-4F86-B104-6B18971828DF}"
EndProject
Global
	GlobalSection(SolutionConfigurationPlatforms) = preSolution
		Debug|Any CPU = Debug|Any CPU
		Release|Any CPU = Release|Any CPU
	EndGlobalSection
	GlobalSection(ProjectConfigurationPlatforms) = postSolution
		{DFA00AD8-8169-4E3C-943A-05F6F2196E3A}.Debug|Any CPU.ActiveCfg = Debug|Any CPU
		{DFA00AD8-8169-4E3C-943A-05F6F2196E3A}.Debug|Any CPU.Build.0 = Debug|Any CPU
		{DFA00AD8-8169-4E3C-943A-05F6F2196E3A}.Release|Any CPU.ActiveCfg = Release|Any CPU
		{DFA00AD8-8169-4E3C-943A-05F6F2196E3A}.Release|Any CPU.Build.0 = Release|Any CPU
		{CBEB4724-6EF0-48D3-B634-384FE2300D6C}.Debug|Any CPU.ActiveCfg = Debug|Any CPU
		{CBEB4724-6EF0-48D3-B634-384FE2300D6C}.Debug|Any CPU.Build.0 = Debug|Any CPU
		{CBEB4724-6EF0-48D3-B634-384FE2300D6C}.Release|Any CPU.ActiveCfg = Release|Any CPU
		{CBEB4724-6EF0-48D3-B634-384FE2300D6C}.Release|Any CPU.Build.0 = Release|Any CPU
		{FDBEC246-857F-40DC-B03F-2FA68BA7D437}.Debug|Any CPU.ActiveCfg = Debug|Any CPU
		{FDBEC246-857F-40DC-B03F-2FA68BA7D437}.Debug|Any CPU.Build.0 = Debug|Any CPU
		{FDBEC246-857F-40DC-B03F-2FA68BA7D437}.Release|Any CPU.ActiveCfg = Release|Any CPU
		{FDBEC246-857F-40DC-B03F-2FA68BA7D437}.Release|Any CPU.Build.0 = Release|Any CPU
		{888539D6-CFE2-413D-BCEE-F2DAA1AA8726}.Debug|Any CPU.ActiveCfg = Debug|Any CPU
		{888539D6-CFE2-413D-BCEE-F2DAA1AA8726}.Debug|Any CPU.Build.0 = Debug|Any CPU
		{888539D6-CFE2-413D-BCEE-F2DAA1AA8726}.Release|Any CPU.ActiveCfg = Release|Any CPU
		{888539D6-CFE2-413D-BCEE-F2DAA1AA8726}.Release|Any CPU.Build.0 = Release|Any CPU
		{5C870A26-7017-472B-9E68-FDD828367DF4}.Debug|Any CPU.ActiveCfg = Debug|Any CPU
		{5C870A26-7017-472B-9E68-FDD828367DF4}.Debug|Any CPU.Build.0 = Debug|Any CPU
		{5C870A26-7017-472B-9E68-FDD828367DF4}.Release|Any CPU.ActiveCfg = Release|Any CPU
		{5C870A26-7017-472B-9E68-FDD828367DF4}.Release|Any CPU.Build.0 = Release|Any CPU
		{5A281F11-6356-4DA7-928C-0EA8E524B99A}.Debug|Any CPU.ActiveCfg = Debug|Any CPU
		{5A281F11-6356-4DA7-928C-0EA8E524B99A}.Debug|Any CPU.Build.0 = Debug|Any CPU
		{5A281F11-6356-4DA7-928C-0EA8E524B99A}.Release|Any CPU.ActiveCfg = Release|Any CPU
		{5A281F11-6356-4DA7-928C-0EA8E524B99A}.Release|Any CPU.Build.0 = Release|Any CPU
		{08D24128-7D9B-4F86-B104-6B18971828DF}.Debug|Any CPU.ActiveCfg = Debug|Any CPU
		{08D24128-7D9B-4F86-B104-6B18971828DF}.Debug|Any CPU.Build.0 = Debug|Any CPU
		{08D24128-7D9B-4F86-B104-6B18971828DF}.Release|Any CPU.ActiveCfg = Release|Any CPU
		{08D24128-7D9B-4F86-B104-6B18971828DF}.Release|Any CPU.Build.0 = Release|Any CPU
	EndGlobalSection
	GlobalSection(SolutionProperties) = preSolution
		HideSolutionNode = FALSE
	EndGlobalSection
	GlobalSection(NestedProjects) = preSolution
		{DFA00AD8-8169-4E3C-943A-05F6F2196E3A} = {C3CC5B7B-5B8A-4B84-B223-29D0EE793782}
		{CBEB4724-6EF0-48D3-B634-384FE2300D6C} = {02213037-8D9C-4CB0-B56C-9F42752EF88C}
		{FDBEC246-857F-40DC-B03F-2FA68BA7D437} = {02213037-8D9C-4CB0-B56C-9F42752EF88C}
		{888539D6-CFE2-413D-BCEE-F2DAA1AA8726} = {C3CC5B7B-5B8A-4B84-B223-29D0EE793782}
		{5C870A26-7017-472B-9E68-FDD828367DF4} = {C3CC5B7B-5B8A-4B84-B223-29D0EE793782}
		{5A281F11-6356-4DA7-928C-0EA8E524B99A} = {02213037-8D9C-4CB0-B56C-9F42752EF88C}
		{08D24128-7D9B-4F86-B104-6B18971828DF} = {68D50D6A-680B-41E9-B822-73406F932F40}
	EndGlobalSection
	GlobalSection(ExtensibilityGlobals) = postSolution
		SolutionGuid = {74910401-B5EE-494A-AB6F-2EED3558FE32}
	EndGlobalSection
EndGlobal
